
Microsoft Visual Studio Solution File, Format Version 12.00
# Visual Studio Version 16
VisualStudioVersion = 16.0.30104.148
MinimumVisualStudioVersion = 10.0.40219.1
Project("{FAE04EC0-301F-11D3-BF4B-00C04F79EFBC}") = "CompanyEmployees", "CompanyEmployees\CompanyEmployees.csproj", "{29C919EF-AC01-4389-ACA7-9496E3C8158D}"
EndProject
Project("{FAE04EC0-301F-11D3-BF4B-00C04F79EFBC}") = "Contracts", "Contracts\Contracts.csproj", "{251E339C-BC51-4011-A382-055869B82769}"
EndProject
Project("{FAE04EC0-301F-11D3-BF4B-00C04F79EFBC}") = "LoggerService", "LoggerService\LoggerService.csproj", "{822E2DF0-B8DE-4DC8-9421-F379CBED0C87}"
EndProject
Global
	GlobalSection(SolutionConfigurationPlatforms) = preSolution
		Debug|Any CPU = Debug|Any CPU
		Release|Any CPU = Release|Any CPU
	EndGlobalSection
	GlobalSection(ProjectConfigurationPlatforms) = postSolution
		{29C919EF-AC01-4389-ACA7-9496E3C8158D}.Debug|Any CPU.ActiveCfg = Debug|Any CPU
		{29C919EF-AC01-4389-ACA7-9496E3C8158D}.Debug|Any CPU.Build.0 = Debug|Any CPU
		{29C919EF-AC01-4389-ACA7-9496E3C8158D}.Release|Any CPU.ActiveCfg = Release|Any CPU
		{29C919EF-AC01-4389-ACA7-9496E3C8158D}.Release|Any CPU.Build.0 = Release|Any CPU
		{251E339C-BC51-4011-A382-055869B82769}.Debug|Any CPU.ActiveCfg = Debug|Any CPU
		{251E339C-BC51-4011-A382-055869B82769}.Debug|Any CPU.Build.0 = Debug|Any CPU
		{251E339C-BC51-4011-A382-055869B82769}.Release|Any CPU.ActiveCfg = Release|Any CPU
		{251E339C-BC51-4011-A382-055869B82769}.Release|Any CPU.Build.0 = Release|Any CPU
		{822E2DF0-B8DE-4DC8-9421-F379CBED0C87}.Debug|Any CPU.ActiveCfg = Debug|Any CPU
		{822E2DF0-B8DE-4DC8-9421-F379CBED0C87}.Debug|Any CPU.Build.0 = Debug|Any CPU
		{822E2DF0-B8DE-4DC8-9421-F379CBED0C87}.Release|Any CPU.ActiveCfg = Release|Any CPU
		{822E2DF0-B8DE-4DC8-9421-F379CBED0C87}.Release|Any CPU.Build.0 = Release|Any CPU
	EndGlobalSection
	GlobalSection(SolutionProperties) = preSolution
		HideSolutionNode = FALSE
	EndGlobalSection
	GlobalSection(ExtensibilityGlobals) = postSolution
		SolutionGuid = {A0E93BE7-D955-4208-B86C-065DD9754704}
	EndGlobalSection
EndGlobal
